
Microsoft Visual Studio Solution File, Format Version 12.00
# Visual Studio Version 17
VisualStudioVersion = 17.13.35931.197 d17.13
MinimumVisualStudioVersion = 10.0.40219.1
Project("{FAE04EC0-301F-11D3-BF4B-00C04F79EFBC}") = "5. Longest Palindromic Substring", "5. Longest Palindromic Substring\5. Longest Palindromic Substring.csproj", "{D4C6B9A6-03FC-413F-A7E9-8467D5757F63}"
EndProject
Global
	GlobalSection(SolutionConfigurationPlatforms) = preSolution
		Debug|Any CPU = Debug|Any CPU
		Release|Any CPU = Release|Any CPU
	EndGlobalSection
	GlobalSection(ProjectConfigurationPlatforms) = postSolution
		{D4C6B9A6-03FC-413F-A7E9-8467D5757F63}.Debug|Any CPU.ActiveCfg = Debug|Any CPU
		{D4C6B9A6-03FC-413F-A7E9-8467D5757F63}.Debug|Any CPU.Build.0 = Debug|Any CPU
		{D4C6B9A6-03FC-413F-A7E9-8467D5757F63}.Release|Any CPU.ActiveCfg = Release|Any CPU
		{D4C6B9A6-03FC-413F-A7E9-8467D5757F63}.Release|Any CPU.Build.0 = Release|Any CPU
	EndGlobalSection
	GlobalSection(SolutionProperties) = preSolution
		HideSolutionNode = FALSE
	EndGlobalSection
	GlobalSection(ExtensibilityGlobals) = postSolution
		SolutionGuid = {EB4F7E45-23E6-4649-9080-3700A1199368}
	EndGlobalSection
EndGlobal
